
Microsoft Visual Studio Solution File, Format Version 12.00
# Visual Studio Version 16
VisualStudioVersion = 16.0.29519.181
MinimumVisualStudioVersion = 10.0.40219.1
Project("{9A19103F-16F7-4668-BE54-9A1E7A4F7556}") = "ChineseApi", "ChineseApi\ChineseApi.csproj", "{597C665F-0D96-4BB7-A06F-04950D49372F}"
EndProject
Project("{9A19103F-16F7-4668-BE54-9A1E7A4F7556}") = "04.Business", "Business\04.Business.csproj", "{088532E9-15F2-4385-9E04-D4E651560F16}"
EndProject
Project("{9A19103F-16F7-4668-BE54-9A1E7A4F7556}") = "03.DTO", "DTO\03.DTO.csproj", "{F4BBC092-3042-4775-A3F8-84DD293421D0}"
EndProject
Project("{9A19103F-16F7-4668-BE54-9A1E7A4F7556}") = "02.DAL", "DAL\02.DAL.csproj", "{8F8AEA94-7FBE-4EB4-A857-5B25B4519372}"
EndProject
Project("{9A19103F-16F7-4668-BE54-9A1E7A4F7556}") = "01.Entities", "Entities\01.Entities.csproj", "{E06FD5B2-2691-4F18-AAD4-1559EAC549E0}"
EndProject
Project("{FAE04EC0-301F-11D3-BF4B-00C04F79EFBC}") = "QuanTri", "QuanTri\QuanTri.csproj", "{D1F8BCF5-C5E6-4C2B-9380-5A6F3135C6CE}"
EndProject
Global
	GlobalSection(SolutionConfigurationPlatforms) = preSolution
		Debug|Any CPU = Debug|Any CPU
		Release|Any CPU = Release|Any CPU
	EndGlobalSection
	GlobalSection(ProjectConfigurationPlatforms) = postSolution
		{597C665F-0D96-4BB7-A06F-04950D49372F}.Debug|Any CPU.ActiveCfg = Debug|Any CPU
		{597C665F-0D96-4BB7-A06F-04950D49372F}.Debug|Any CPU.Build.0 = Debug|Any CPU
		{597C665F-0D96-4BB7-A06F-04950D49372F}.Release|Any CPU.ActiveCfg = Release|Any CPU
		{597C665F-0D96-4BB7-A06F-04950D49372F}.Release|Any CPU.Build.0 = Release|Any CPU
		{088532E9-15F2-4385-9E04-D4E651560F16}.Debug|Any CPU.ActiveCfg = Debug|Any CPU
		{088532E9-15F2-4385-9E04-D4E651560F16}.Debug|Any CPU.Build.0 = Debug|Any CPU
		{088532E9-15F2-4385-9E04-D4E651560F16}.Release|Any CPU.ActiveCfg = Release|Any CPU
		{088532E9-15F2-4385-9E04-D4E651560F16}.Release|Any CPU.Build.0 = Release|Any CPU
		{F4BBC092-3042-4775-A3F8-84DD293421D0}.Debug|Any CPU.ActiveCfg = Debug|Any CPU
		{F4BBC092-3042-4775-A3F8-84DD293421D0}.Debug|Any CPU.Build.0 = Debug|Any CPU
		{F4BBC092-3042-4775-A3F8-84DD293421D0}.Release|Any CPU.ActiveCfg = Release|Any CPU
		{F4BBC092-3042-4775-A3F8-84DD293421D0}.Release|Any CPU.Build.0 = Release|Any CPU
		{8F8AEA94-7FBE-4EB4-A857-5B25B4519372}.Debug|Any CPU.ActiveCfg = Debug|Any CPU
		{8F8AEA94-7FBE-4EB4-A857-5B25B4519372}.Debug|Any CPU.Build.0 = Debug|Any CPU
		{8F8AEA94-7FBE-4EB4-A857-5B25B4519372}.Release|Any CPU.ActiveCfg = Release|Any CPU
		{8F8AEA94-7FBE-4EB4-A857-5B25B4519372}.Release|Any CPU.Build.0 = Release|Any CPU
		{E06FD5B2-2691-4F18-AAD4-1559EAC549E0}.Debug|Any CPU.ActiveCfg = Debug|Any CPU
		{E06FD5B2-2691-4F18-AAD4-1559EAC549E0}.Debug|Any CPU.Build.0 = Debug|Any CPU
		{E06FD5B2-2691-4F18-AAD4-1559EAC549E0}.Release|Any CPU.ActiveCfg = Release|Any CPU
		{E06FD5B2-2691-4F18-AAD4-1559EAC549E0}.Release|Any CPU.Build.0 = Release|Any CPU
		{D1F8BCF5-C5E6-4C2B-9380-5A6F3135C6CE}.Debug|Any CPU.ActiveCfg = Debug|Any CPU
		{D1F8BCF5-C5E6-4C2B-9380-5A6F3135C6CE}.Debug|Any CPU.Build.0 = Debug|Any CPU
		{D1F8BCF5-C5E6-4C2B-9380-5A6F3135C6CE}.Release|Any CPU.ActiveCfg = Release|Any CPU
		{D1F8BCF5-C5E6-4C2B-9380-5A6F3135C6CE}.Release|Any CPU.Build.0 = Release|Any CPU
	EndGlobalSection
	GlobalSection(SolutionProperties) = preSolution
		HideSolutionNode = FALSE
	EndGlobalSection
	GlobalSection(ExtensibilityGlobals) = postSolution
		SolutionGuid = {2ABAA304-AD2F-43CD-8747-367DFF91C618}
	EndGlobalSection
EndGlobal
